
Microsoft Visual Studio Solution File, Format Version 12.00
# Visual Studio Version 17
VisualStudioVersion = 17.5.002.0
MinimumVisualStudioVersion = 10.0.40219.1
Project("{9A19103F-16F7-4668-BE54-9A1E7A4F7556}") = "NSwagMultipleDocuments", "NSwagMultipleDocuments.csproj", "{F4EB7D62-565E-4B60-B908-78EB8AD1A97F}"
EndProject
Global
	GlobalSection(SolutionConfigurationPlatforms) = preSolution
		Debug|Any CPU = Debug|Any CPU
		Release|Any CPU = Release|Any CPU
	EndGlobalSection
	GlobalSection(ProjectConfigurationPlatforms) = postSolution
		{F4EB7D62-565E-4B60-B908-78EB8AD1A97F}.Debug|Any CPU.ActiveCfg = Debug|Any CPU
		{F4EB7D62-565E-4B60-B908-78EB8AD1A97F}.Debug|Any CPU.Build.0 = Debug|Any CPU
		{F4EB7D62-565E-4B60-B908-78EB8AD1A97F}.Release|Any CPU.ActiveCfg = Release|Any CPU
		{F4EB7D62-565E-4B60-B908-78EB8AD1A97F}.Release|Any CPU.Build.0 = Release|Any CPU
	EndGlobalSection
	GlobalSection(SolutionProperties) = preSolution
		HideSolutionNode = FALSE
	EndGlobalSection
	GlobalSection(ExtensibilityGlobals) = postSolution
		SolutionGuid = {0FDFEE17-A6D8-400E-A3C7-410F0DA39E87}
	EndGlobalSection
EndGlobal
